
Microsoft Visual Studio Solution File, Format Version 12.00
# Visual Studio 2013
VisualStudioVersion = 12.0.21005.1
MinimumVisualStudioVersion = 10.0.40219.1
Project("{FAE04EC0-301F-11D3-BF4B-00C04F79EFBC}") = "Latihan_1_1", "Latihan_1_1\Latihan_1_1.csproj", "{33F54BE5-FA9D-4450-9159-9A86372E2B52}"
EndProject
Project("{FAE04EC0-301F-11D3-BF4B-00C04F79EFBC}") = "Latihan_2_1", "Latihan_2_1\Latihan_2_1.csproj", "{91B15B0C-48FA-495D-98A5-5DB44D56A237}"
EndProject
Project("{FAE04EC0-301F-11D3-BF4B-00C04F79EFBC}") = "Latihan_3_1", "Latihan_3_1\Latihan_3_1.csproj", "{A2F4EE48-8115-4901-81F8-3DDCAC9C396E}"
EndProject
Project("{FAE04EC0-301F-11D3-BF4B-00C04F79EFBC}") = "Latihan_4_1", "Latihan_4_1\Latihan_4_1.csproj", "{CE6B0A7D-5996-4A89-88CA-5594ABBA0854}"
EndProject
Project("{FAE04EC0-301F-11D3-BF4B-00C04F79EFBC}") = "Latihan_5_1", "Latihan_5_1\Latihan_5_1.csproj", "{55A7B22E-5B9D-43E8-8C6A-B432D4132D72}"
EndProject
Project("{FAE04EC0-301F-11D3-BF4B-00C04F79EFBC}") = "volleyball_problem", "volleyball_problem\volleyball_problem.csproj", "{FF2A70B0-5F1B-435A-B5B5-ACEEE74861CA}"
EndProject
Project("{FAE04EC0-301F-11D3-BF4B-00C04F79EFBC}") = "Latihan_Pos", "Latihan_Pos\Latihan_Pos.csproj", "{8535A425-52CC-4FC6-9BE9-13A0AA85F555}"
EndProject
Project("{FAE04EC0-301F-11D3-BF4B-00C04F79EFBC}") = "DBS_POS", "DBS_POS\DBS_POS.csproj", "{985AC8E7-A04C-4D8F-9F2E-FBAE5C0B390C}"
EndProject
Global
	GlobalSection(SolutionConfigurationPlatforms) = preSolution
		Debug|Any CPU = Debug|Any CPU
		Release|Any CPU = Release|Any CPU
	EndGlobalSection
	GlobalSection(ProjectConfigurationPlatforms) = postSolution
		{33F54BE5-FA9D-4450-9159-9A86372E2B52}.Debug|Any CPU.ActiveCfg = Debug|Any CPU
		{33F54BE5-FA9D-4450-9159-9A86372E2B52}.Debug|Any CPU.Build.0 = Debug|Any CPU
		{33F54BE5-FA9D-4450-9159-9A86372E2B52}.Release|Any CPU.ActiveCfg = Release|Any CPU
		{33F54BE5-FA9D-4450-9159-9A86372E2B52}.Release|Any CPU.Build.0 = Release|Any CPU
		{91B15B0C-48FA-495D-98A5-5DB44D56A237}.Debug|Any CPU.ActiveCfg = Debug|Any CPU
		{91B15B0C-48FA-495D-98A5-5DB44D56A237}.Debug|Any CPU.Build.0 = Debug|Any CPU
		{91B15B0C-48FA-495D-98A5-5DB44D56A237}.Release|Any CPU.ActiveCfg = Release|Any CPU
		{91B15B0C-48FA-495D-98A5-5DB44D56A237}.Release|Any CPU.Build.0 = Release|Any CPU
		{A2F4EE48-8115-4901-81F8-3DDCAC9C396E}.Debug|Any CPU.ActiveCfg = Debug|Any CPU
		{A2F4EE48-8115-4901-81F8-3DDCAC9C396E}.Debug|Any CPU.Build.0 = Debug|Any CPU
		{A2F4EE48-8115-4901-81F8-3DDCAC9C396E}.Release|Any CPU.ActiveCfg = Release|Any CPU
		{A2F4EE48-8115-4901-81F8-3DDCAC9C396E}.Release|Any CPU.Build.0 = Release|Any CPU
		{CE6B0A7D-5996-4A89-88CA-5594ABBA0854}.Debug|Any CPU.ActiveCfg = Debug|Any CPU
		{CE6B0A7D-5996-4A89-88CA-5594ABBA0854}.Debug|Any CPU.Build.0 = Debug|Any CPU
		{CE6B0A7D-5996-4A89-88CA-5594ABBA0854}.Release|Any CPU.ActiveCfg = Release|Any CPU
		{CE6B0A7D-5996-4A89-88CA-5594ABBA0854}.Release|Any CPU.Build.0 = Release|Any CPU
		{55A7B22E-5B9D-43E8-8C6A-B432D4132D72}.Debug|Any CPU.ActiveCfg = Debug|Any CPU
		{55A7B22E-5B9D-43E8-8C6A-B432D4132D72}.Debug|Any CPU.Build.0 = Debug|Any CPU
		{55A7B22E-5B9D-43E8-8C6A-B432D4132D72}.Release|Any CPU.ActiveCfg = Release|Any CPU
		{55A7B22E-5B9D-43E8-8C6A-B432D4132D72}.Release|Any CPU.Build.0 = Release|Any CPU
		{FF2A70B0-5F1B-435A-B5B5-ACEEE74861CA}.Debug|Any CPU.ActiveCfg = Debug|Any CPU
		{FF2A70B0-5F1B-435A-B5B5-ACEEE74861CA}.Debug|Any CPU.Build.0 = Debug|Any CPU
		{FF2A70B0-5F1B-435A-B5B5-ACEEE74861CA}.Release|Any CPU.ActiveCfg = Release|Any CPU
		{FF2A70B0-5F1B-435A-B5B5-ACEEE74861CA}.Release|Any CPU.Build.0 = Release|Any CPU
		{8535A425-52CC-4FC6-9BE9-13A0AA85F555}.Debug|Any CPU.ActiveCfg = Debug|Any CPU
		{8535A425-52CC-4FC6-9BE9-13A0AA85F555}.Debug|Any CPU.Build.0 = Debug|Any CPU
		{8535A425-52CC-4FC6-9BE9-13A0AA85F555}.Release|Any CPU.ActiveCfg = Release|Any CPU
		{8535A425-52CC-4FC6-9BE9-13A0AA85F555}.Release|Any CPU.Build.0 = Release|Any CPU
		{985AC8E7-A04C-4D8F-9F2E-FBAE5C0B390C}.Debug|Any CPU.ActiveCfg = Debug|Any CPU
		{985AC8E7-A04C-4D8F-9F2E-FBAE5C0B390C}.Debug|Any CPU.Build.0 = Debug|Any CPU
		{985AC8E7-A04C-4D8F-9F2E-FBAE5C0B390C}.Release|Any CPU.ActiveCfg = Release|Any CPU
		{985AC8E7-A04C-4D8F-9F2E-FBAE5C0B390C}.Release|Any CPU.Build.0 = Release|Any CPU
	EndGlobalSection
	GlobalSection(SolutionProperties) = preSolution
		HideSolutionNode = FALSE
	EndGlobalSection
EndGlobal
